
Microsoft Visual Studio Solution File, Format Version 11.00
# Visual C++ Express 2010
Project("{8BC9CEB8-8B4A-11D0-8D11-00A0C91BC942}") = "xrb", "xrb.vcxproj", "{24F5BAE0-680F-45A1-AA49-1E806C8DC451}"
EndProject
Global
	GlobalSection(SolutionConfigurationPlatforms) = preSolution
		Debug|Win32 = Debug|Win32
		Release|Win32 = Release|Win32
	EndGlobalSection
	GlobalSection(ProjectConfigurationPlatforms) = postSolution
		{24F5BAE0-680F-45A1-AA49-1E806C8DC451}.Debug|Win32.ActiveCfg = Debug|Win32
		{24F5BAE0-680F-45A1-AA49-1E806C8DC451}.Debug|Win32.Build.0 = Debug|Win32
		{24F5BAE0-680F-45A1-AA49-1E806C8DC451}.Release|Win32.ActiveCfg = Release|Win32
		{24F5BAE0-680F-45A1-AA49-1E806C8DC451}.Release|Win32.Build.0 = Release|Win32
	EndGlobalSection
	GlobalSection(SolutionProperties) = preSolution
		HideSolutionNode = FALSE
	EndGlobalSection
EndGlobal
